
Microsoft Visual Studio Solution File, Format Version 12.00
# Visual Studio Version 17
VisualStudioVersion = 17.11.35219.272
MinimumVisualStudioVersion = 10.0.40219.1
Project("{FAE04EC0-301F-11D3-BF4B-00C04F79EFBC}") = "eBookStore", "eBookStore.csproj", "{00BDFF4D-65E0-4FB8-80C9-D94CEF4138E9}"
EndProject
Global
	GlobalSection(SolutionConfigurationPlatforms) = preSolution
		Debug|Any CPU = Debug|Any CPU
		Release|Any CPU = Release|Any CPU
	EndGlobalSection
	GlobalSection(ProjectConfigurationPlatforms) = postSolution
		{00BDFF4D-65E0-4FB8-80C9-D94CEF4138E9}.Debug|Any CPU.ActiveCfg = Debug|Any CPU
		{00BDFF4D-65E0-4FB8-80C9-D94CEF4138E9}.Debug|Any CPU.Build.0 = Debug|Any CPU
		{00BDFF4D-65E0-4FB8-80C9-D94CEF4138E9}.Release|Any CPU.ActiveCfg = Release|Any CPU
		{00BDFF4D-65E0-4FB8-80C9-D94CEF4138E9}.Release|Any CPU.Build.0 = Release|Any CPU
	EndGlobalSection
	GlobalSection(SolutionProperties) = preSolution
		HideSolutionNode = FALSE
	EndGlobalSection
	GlobalSection(ExtensibilityGlobals) = postSolution
		SolutionGuid = {1793813F-0299-4CC0-B545-495232E4CF95}
	EndGlobalSection
EndGlobal
